
Microsoft Visual Studio Solution File, Format Version 12.00
# Visual Studio Version 16
VisualStudioVersion = 16.0.30104.148
MinimumVisualStudioVersion = 10.0.40219.1
Project("{FAE04EC0-301F-11D3-BF4B-00C04F79EFBC}") = "WPFEmpresaEPM", "WPFEmpresaEPM\WPFEmpresaEPM.csproj", "{90E631FF-2F1D-4B25-B872-9927C738D078}"
EndProject
Global
	GlobalSection(SolutionConfigurationPlatforms) = preSolution
		Debug|Any CPU = Debug|Any CPU
		Release|Any CPU = Release|Any CPU
	EndGlobalSection
	GlobalSection(ProjectConfigurationPlatforms) = postSolution
		{90E631FF-2F1D-4B25-B872-9927C738D078}.Debug|Any CPU.ActiveCfg = Debug|Any CPU
		{90E631FF-2F1D-4B25-B872-9927C738D078}.Debug|Any CPU.Build.0 = Debug|Any CPU
		{90E631FF-2F1D-4B25-B872-9927C738D078}.Release|Any CPU.ActiveCfg = Release|Any CPU
		{90E631FF-2F1D-4B25-B872-9927C738D078}.Release|Any CPU.Build.0 = Release|Any CPU
	EndGlobalSection
	GlobalSection(SolutionProperties) = preSolution
		HideSolutionNode = FALSE
	EndGlobalSection
	GlobalSection(ExtensibilityGlobals) = postSolution
		SolutionGuid = {0248C912-6AF9-415F-9732-A7DD3685901B}
	EndGlobalSection
EndGlobal
